// !$*UTF8*$!
{
	archiveVersion = 1;
	classes = {
	};
	objectVersion = 46;
	objects = {

/* Begin PBXBuildFile section */
		BF8C714F1C8D464B00B180EC /* AppDelegate.swift in Sources */ = {isa = PBXBuildFile; fileRef = BF8C714E1C8D464B00B180EC /* AppDelegate.swift */; };
		BF8C71511C8D464B00B180EC /* ViewController.swift in Sources */ = {isa = PBXBuildFile; fileRef = BF8C71501C8D464B00B180EC /* ViewController.swift */; };
		BF8C71541C8D464B00B180EC /* Main.storyboard in Resources */ = {isa = PBXBuildFile; fileRef = BF8C71521C8D464B00B180EC /* Main.storyboard */; };
		BF8C71561C8D464B00B180EC /* Assets.xcassets in Resources */ = {isa = PBXBuildFile; fileRef = BF8C71551C8D464B00B180EC /* Assets.xcassets */; };
		BF8C71591C8D464B00B180EC /* LaunchScreen.storyboard in Resources */ = {isa = PBXBuildFile; fileRef = BF8C71571C8D464B00B180EC /* LaunchScreen.storyboard */; };
		BF8C71641C8D464B00B180EC /* testTests.swift in Sources */ = {isa = PBXBuildFile; fileRef = BF8C71631C8D464B00B180EC /* testTests.swift */; };
		BF8C716F1C8D464B00B180EC /* testUITests.swift in Sources */ = {isa = PBXBuildFile; fileRef = BF8C716E1C8D464B00B180EC /* testUITests.swift */; };
/* End PBXBuildFile section */

/* Begin PBXContainerItemProxy section */
		BF8C71601C8D464B00B180EC /* PBXContainerItemProxy */ = {
			isa = PBXContainerItemProxy;
			containerPortal = BF8C71431C8D464A00B180EC /* Project object */;
			proxyType = 1;
			remoteGlobalIDString = BF8C714A1C8D464B00B180EC;
			remoteInfo = test;
		};
		BF8C716B1C8D464B00B180EC /* PBXContainerItemProxy */ = {
			isa = PBXContainerItemProxy;
			containerPortal = BF8C71431C8D464A00B180EC /* Project object */;
			proxyType = 1;
			remoteGlobalIDString = BF8C714A1C8D464B00B180EC;
			remoteInfo = test;
		};
/* End PBXContainerItemProxy section */

/* Begin PBXFileReference section */
		BF8C714B1C8D464B00B180EC /* test.app */ = {isa = PBXFileReference; explicitFileType = wrapper.application; includeInIndex = 0; path = test.app; sourceTree = BUILT_PRODUCTS_DIR; };
		BF8C714E1C8D464B00B180EC /* AppDelegate.swift */ = {isa = PBXFileReference; lastKnownFileType = sourcecode.swift; path = AppDelegate.swift; sourceTree = "<group>"; };
		BF8C71501C8D464B00B180EC /* ViewController.swift */ = {isa = PBXFileReference; lastKnownFileType = sourcecode.swift; path = ViewController.swift; sourceTree = "<group>"; };
		BF8C71531C8D464B00B180EC /* Base */ = {isa = PBXFileReference; lastKnownFileType = file.storyboard; name = Base; path = Base.lproj/Main.storyboard; sourceTree = "<group>"; };
		BF8C71551C8D464B00B180EC /* Assets.xcassets */ = {isa = PBXFileReference; lastKnownFileType = folder.assetcatalog; path = Assets.xcassets; sourceTree = "<group>"; };
		BF8C71581C8D464B00B180EC /* Base */ = {isa = PBXFileReference; lastKnownFileType = file.storyboard; name = Base; path = Base.lproj/LaunchScreen.storyboard; sourceTree = "<group>"; };
		BF8C715A1C8D464B00B180EC /* Info.plist */ = {isa = PBXFileReference; lastKnownFileType = text.plist.xml; path = Info.plist; sourceTree = "<group>"; };
		BF8C715F1C8D464B00B180EC /* testTests.xctest */ = {isa = PBXFileReference; explicitFileType = wrapper.cfbundle; includeInIndex = 0; path = testTests.xctest; sourceTree = BUILT_PRODUCTS_DIR; };
		BF8C71631C8D464B00B180EC /* testTests.swift */ = {isa = PBXFileReference; lastKnownFileType = sourcecode.swift; path = testTests.swift; sourceTree = "<group>"; };
		BF8C71651C8D464B00B180EC /* Info.plist */ = {isa = PBXFileReference; lastKnownFileType = text.plist.xml; path = Info.plist; sourceTree = "<group>"; };
		BF8C716A1C8D464B00B180EC /* testUITests.xctest */ = {isa = PBXFileReference; explicitFileType = wrapper.cfbundle; includeInIndex = 0; path = testUITests.xctest; sourceTree = BUILT_PRODUCTS_DIR; };
		BF8C716E1C8D464B00B180EC /* testUITests.swift */ = {isa = PBXFileReference; lastKnownFileType = sourcecode.swift; path = testUITests.swift; sourceTree = "<group>"; };
		BF8C71701C8D464B00B180EC /* Info.plist */ = {isa = PBXFileReference; lastKnownFileType = text.plist.xml; path = Info.plist; sourceTree = "<group>"; };
/* End PBXFileReference section */

/* Begin PBXFrameworksBuildPhase section */
		BF8C71481C8D464B00B180EC /* Frameworks */ = {
			isa = PBXFrameworksBuildPhase;
			buildActionMask = 2147483647;
			files = (
			);
			runOnlyForDeploymentPostprocessing = 0;
		};
		BF8C715C1C8D464B00B180EC /* Frameworks */ = {
			isa = PBXFrameworksBuildPhase;
			buildActionMask = 2147483647;
			files = (
			);
			runOnlyForDeploymentPostprocessing = 0;
		};
		BF8C71671C8D464B00B180EC /* Frameworks */ = {
			isa = PBXFrameworksBuildPhase;
			buildActionMask = 2147483647;
			files = (
			);
			runOnlyForDeploymentPostprocessing = 0;
		};
/* End PBXFrameworksBuildPhase section */

/* Begin PBXGroup section */
		BF8C71421C8D464A00B180EC = {
			isa = PBXGroup;
			children = (
				BF8C714D1C8D464B00B180EC /* test */,
				BF8C71621C8D464B00B180EC /* testTests */,
				BF8C716D1C8D464B00B180EC /* testUITests */,
				BF8C714C1C8D464B00B180EC /* Products */,
			);
			sourceTree = "<group>";
		};
		BF8C714C1C8D464B00B180EC /* Products */ = {
			isa = PBXGroup;
			children = (
				BF8C714B1C8D464B00B180EC /* test.app */,
				BF8C715F1C8D464B00B180EC /* testTests.xctest */,
				BF8C716A1C8D464B00B180EC /* testUITests.xctest */,
			);
			name = Products;
			sourceTree = "<group>";
		};
		BF8C714D1C8D464B00B180EC /* test */ = {
			isa = PBXGroup;
			children = (
				BF8C714E1C8D464B00B180EC /* AppDelegate.swift */,
				BF8C71501C8D464B00B180EC /* ViewController.swift */,
				BF8C71521C8D464B00B180EC /* Main.storyboard */,
				BF8C71551C8D464B00B180EC /* Assets.xcassets */,
				BF8C71571C8D464B00B180EC /* LaunchScreen.storyboard */,
				BF8C715A1C8D464B00B180EC /* Info.plist */,
			);
			path = test;
			sourceTree = "<group>";
		};
		BF8C71621C8D464B00B180EC /* testTests */ = {
			isa = PBXGroup;
			children = (
				BF8C71631C8D464B00B180EC /* testTests.swift */,
				BF8C71651C8D464B00B180EC /* Info.plist */,
			);
			path = testTests;
			sourceTree = "<group>";
		};
		BF8C716D1C8D464B00B180EC /* testUITests */ = {
			isa = PBXGroup;
			children = (
				BF8C716E1C8D464B00B180EC /* testUITests.swift */,
				BF8C71701C8D464B00B180EC /* Info.plist */,
			);
			path = testUITests;
			sourceTree = "<group>";
		};
/* End PBXGroup section */

/* Begin PBXNativeTarget section */
		BF8C714A1C8D464B00B180EC /* test */ = {
			isa = PBXNativeTarget;
			buildConfigurationList = BF8C71731C8D464B00B180EC /* Build configuration list for PBXNativeTarget "test" */;
			buildPhases = (
				BF8C71471C8D464B00B180EC /* Sources */,
				BF8C71481C8D464B00B180EC /* Frameworks */,
				BF8C71491C8D464B00B180EC /* Resources */,
			);
			buildRules = (
			);
			dependencies = (
			);
			name = test;
			productName = test;
			productReference = BF8C714B1C8D464B00B180EC /* test.app */;
			productType = "com.apple.product-type.application";
		};
		BF8C715E1C8D464B00B180EC /* testTests */ = {
			isa = PBXNativeTarget;
			buildConfigurationList = BF8C71761C8D464B00B180EC /* Build configuration list for PBXNativeTarget "testTests" */;
			buildPhases = (
				BF8C715B1C8D464B00B180EC /* Sources */,
				BF8C715C1C8D464B00B180EC /* Frameworks */,
				BF8C715D1C8D464B00B180EC /* Resources */,
			);
			buildRules = (
			);
			dependencies = (
				BF8C71611C8D464B00B180EC /* PBXTargetDependency */,
			);
			name = testTests;
			productName = testTests;
			productReference = BF8C715F1C8D464B00B180EC /* testTests.xctest */;
			productType = "com.apple.product-type.bundle.unit-test";
		};
		BF8C71691C8D464B00B180EC /* testUITests */ = {
			isa = PBXNativeTarget;
			buildConfigurationList = BF8C71791C8D464B00B180EC /* Build configuration list for PBXNativeTarget "testUITests" */;
			buildPhases = (
				BF8C71661C8D464B00B180EC /* Sources */,
				BF8C71671C8D464B00B180EC /* Frameworks */,
				BF8C71681C8D464B00B180EC /* Resources */,
			);
			buildRules = (
			);
			dependencies = (
				BF8C716C1C8D464B00B180EC /* PBXTargetDependency */,
			);
			name = testUITests;
			productName = testUITests;
			productReference = BF8C716A1C8D464B00B180EC /* testUITests.xctest */;
			productType = "com.apple.product-type.bundle.ui-testing";
		};
/* End PBXNativeTarget section */

/* Begin PBXProject section */
		BF8C71431C8D464A00B180EC /* Project object */ = {
			isa = PBXProject;
			attributes = {
				LastSwiftUpdateCheck = 0720;
				LastUpgradeCheck = 0720;
				ORGANIZATIONNAME = one;
				TargetAttributes = {
					BF8C714A1C8D464B00B180EC = {
						CreatedOnToolsVersion = 7.2;
					};
					BF8C715E1C8D464B00B180EC = {
						CreatedOnToolsVersion = 7.2;
						TestTargetID = BF8C714A1C8D464B00B180EC;
					};
					BF8C71691C8D464B00B180EC = {
						CreatedOnToolsVersion = 7.2;
						TestTargetID = BF8C714A1C8D464B00B180EC;
					};
				};
			};
			buildConfigurationList = BF8C71461C8D464A00B180EC /* Build configuration list for PBXProject "test" */;
			compatibilityVersion = "Xcode 3.2";
			developmentRegion = English;
			hasScannedForEncodings = 0;
			knownRegions = (
				en,
				Base,
			);
			mainGroup = BF8C71421C8D464A00B180EC;
			productRefGroup = BF8C714C1C8D464B00B180EC /* Products */;
			projectDirPath = "";
			projectRoot = "";
			targets = (
				BF8C714A1C8D464B00B180EC /* test */,
				BF8C715E1C8D464B00B180EC /* testTests */,
				BF8C71691C8D464B00B180EC /* testUITests */,
			);
		};
/* End PBXProject section */

/* Begin PBXResourcesBuildPhase section */
		BF8C71491C8D464B00B180EC /* Resources */ = {
			isa = PBXResourcesBuildPhase;
			buildActionMask = 2147483647;
			files = (
				BF8C71591C8D464B00B180EC /* LaunchScreen.storyboard in Resources */,
				BF8C71561C8D464B00B180EC /* Assets.xcassets in Resources */,
				BF8C71541C8D464B00B180EC /* Main.storyboard in Resources */,
			);
			runOnlyForDeploymentPostprocessing = 0;
		};
		BF8C715D1C8D464B00B180EC /* Resources */ = {
			isa = PBXResourcesBuildPhase;
			buildActionMask = 2147483647;
			files = (
			);
			runOnlyForDeploymentPostprocessing = 0;
		};
		BF8C71681C8D464B00B180EC /* Resources */ = {
			isa = PBXResourcesBuildPhase;
			buildActionMask = 2147483647;
			files = (
			);
			runOnlyForDeploymentPostprocessing = 0;
		};
/* End PBXResourcesBuildPhase section */

/* Begin PBXSourcesBuildPhase section */
		BF8C71471C8D464B00B180EC /* Sources */ = {
			isa = PBXSourcesBuildPhase;
			buildActionMask = 2147483647;
			files = (
				BF8C71511C8D464B00B180EC /* ViewController.swift in Sources */,
				BF8C714F1C8D464B00B180EC /* AppDelegate.swift in Sources */,
			);
			runOnlyForDeploymentPostprocessing = 0;
		};
		BF8C715B1C8D464B00B180EC /* Sources */ = {
			isa = PBXSourcesBuildPhase;
			buildActionMask = 2147483647;
			files = (
				BF8C71641C8D464B00B180EC /* testTests.swift in Sources */,
			);
			runOnlyForDeploymentPostprocessing = 0;
		};
		BF8C71661C8D464B00B180EC /* Sources */ = {
			isa = PBXSourcesBuildPhase;
			buildActionMask = 2147483647;
			files = (
				BF8C716F1C8D464B00B180EC /* testUITests.swift in Sources */,
			);
			runOnlyForDeploymentPostprocessing = 0;
		};
/* End PBXSourcesBuildPhase section */

/* Begin PBXTargetDependency section */
		BF8C71611C8D464B00B180EC /* PBXTargetDependency */ = {
			isa = PBXTargetDependency;
			target = BF8C714A1C8D464B00B180EC /* test */;
			targetProxy = BF8C71601C8D464B00B180EC /* PBXContainerItemProxy */;
		};
		BF8C716C1C8D464B00B180EC /* PBXTargetDependency */ = {
			isa = PBXTargetDependency;
			target = BF8C714A1C8D464B00B180EC /* test */;
			targetProxy = BF8C716B1C8D464B00B180EC /* PBXContainerItemProxy */;
		};
/* End PBXTargetDependency section */

/* Begin PBXVariantGroup section */
		BF8C71521C8D464B00B180EC /* Main.storyboard */ = {
			isa = PBXVariantGroup;
			children = (
				BF8C71531C8D464B00B180EC /* Base */,
			);
			name = Main.storyboard;
			sourceTree = "<group>";
		};
		BF8C71571C8D464B00B180EC /* LaunchScreen.storyboard */ = {
			isa = PBXVariantGroup;
			children = (
				BF8C71581C8D464B00B180EC /* Base */,
			);
			name = LaunchScreen.storyboard;
			sourceTree = "<group>";
		};
/* End PBXVariantGroup section */

/* Begin XCBuildConfiguration section */
		BF8C71711C8D464B00B180EC /* Debug */ = {
			isa = XCBuildConfiguration;
			buildSettings = {
				ALWAYS_SEARCH_USER_PATHS = NO;
				CLANG_CXX_LANGUAGE_STANDARD = "gnu++0x";
				CLANG_CXX_LIBRARY = "libc++";
				CLANG_ENABLE_MODULES = YES;
				CLANG_ENABLE_OBJC_ARC = YES;
				CLANG_WARN_BOOL_CONVERSION = YES;
				CLANG_WARN_CONSTANT_CONVERSION = YES;
				CLANG_WARN_DIRECT_OBJC_ISA_USAGE = YES_ERROR;
				CLANG_WARN_EMPTY_BODY = YES;
				CLANG_WARN_ENUM_CONVERSION = YES;
				CLANG_WARN_INT_CONVERSION = YES;
				CLANG_WARN_OBJC_ROOT_CLASS = YES_ERROR;
				CLANG_WARN_UNREACHABLE_CODE = YES;
				CLANG_WARN__DUPLICATE_METHOD_MATCH = YES;
				"CODE_SIGN_IDENTITY[sdk=iphoneos*]" = "iPhone Developer";
				COPY_PHASE_STRIP = NO;
				DEBUG_INFORMATION_FORMAT = dwarf;
				ENABLE_STRICT_OBJC_MSGSEND = YES;
				ENABLE_TESTABILITY = YES;
				GCC_C_LANGUAGE_STANDARD = gnu99;
				GCC_DYNAMIC_NO_PIC = NO;
				GCC_NO_COMMON_BLOCKS = YES;
				GCC_OPTIMIZATION_LEVEL = 0;
				GCC_PREPROCESSOR_DEFINITIONS = (
					"DEBUG=1",
					"$(inherited)",
				);
				GCC_WARN_64_TO_32_BIT_CONVERSION = YES;
				GCC_WARN_ABOUT_RETURN_TYPE = YES_ERROR;
				GCC_WARN_UNDECLARED_SELECTOR = YES;
				GCC_WARN_UNINITIALIZED_AUTOS = YES_AGGRESSIVE;
				GCC_WARN_UNUSED_FUNCTION = YES;
				GCC_WARN_UNUSED_VARIABLE = YES;
				IPHONEOS_DEPLOYMENT_TARGET = 9.2;
				MTL_ENABLE_DEBUG_INFO = YES;
				ONLY_ACTIVE_ARCH = YES;
				SDKROOT = iphoneos;
				SWIFT_OPTIMIZATION_LEVEL = "-Onone";
			};
			name = Debug;
		};
		BF8C71721C8D464B00B180EC /* Release */ = {
			isa = XCBuildConfiguration;
			buildSettings = {
				ALWAYS_SEARCH_USER_PATHS = NO;
				CLANG_CXX_LANGUAGE_STANDARD = "gnu++0x";
				CLANG_CXX_LIBRARY = "libc++";
				CLANG_ENABLE_MODULES = YES;
				CLANG_ENABLE_OBJC_ARC = YES;
				CLANG_WARN_BOOL_CONVERSION = YES;
				CLANG_WARN_CONSTANT_CONVERSION = YES;
				CLANG_WARN_DIRECT_OBJC_ISA_USAGE = YES_ERROR;
				CLANG_WARN_EMPTY_BODY = YES;
				CLANG_WARN_ENUM_CONVERSION = YES;
				CLANG_WARN_INT_CONVERSION = YES;
				CLANG_WARN_OBJC_ROOT_CLASS = YES_ERROR;
				CLANG_WARN_UNREACHABLE_CODE = YES;
				CLANG_WARN__DUPLICATE_METHOD_MATCH = YES;
				"CODE_SIGN_IDENTITY[sdk=iphoneos*]" = "iPhone Developer";
				COPY_PHASE_STRIP = NO;
				DEBUG_INFORMATION_FORMAT = "dwarf-with-dsym";
				ENABLE_NS_ASSERTIONS = NO;
				ENABLE_STRICT_OBJC_MSGSEND = YES;
				GCC_C_LANGUAGE_STANDARD = gnu99;
				GCC_NO_COMMON_BLOCKS = YES;
				GCC_WARN_64_TO_32_BIT_CONVERSION = YES;
				GCC_WARN_ABOUT_RETURN_TYPE = YES_ERROR;
				GCC_WARN_UNDECLARED_SELECTOR = YES;
				GCC_WARN_UNINITIALIZED_AUTOS = YES_AGGRESSIVE;
				GCC_WARN_UNUSED_FUNCTION = YES;
				GCC_WARN_UNUSED_VARIABLE = YES;
				IPHONEOS_DEPLOYMENT_TARGET = 9.2;
				MTL_ENABLE_DEBUG_INFO = NO;
				SDKROOT = iphoneos;
				VALIDATE_PRODUCT = YES;
			};
			name = Release;
		};
		BF8C71741C8D464B00B180EC /* Debug */ = {
			isa = XCBuildConfiguration;
			buildSettings = {
				ASSETCATALOG_COMPILER_APPICON_NAME = AppIcon;
				INFOPLIST_FILE = test/Info.plist;
				LD_RUNPATH_SEARCH_PATHS = "$(inherited) @executable_path/Frameworks";
				PRODUCT_BUNDLE_IDENTIFIER = com.one.test;
				PRODUCT_NAME = "$(TARGET_NAME)";
			};
			name = Debug;
		};
		BF8C71751C8D464B00B180EC /* Release */ = {
			isa = XCBuildConfiguration;
			buildSettings = {
				ASSETCATALOG_COMPILER_APPICON_NAME = AppIcon;
				INFOPLIST_FILE = test/Info.plist;
				LD_RUNPATH_SEARCH_PATHS = "$(inherited) @executable_path/Frameworks";
				PRODUCT_BUNDLE_IDENTIFIER = com.one.test;
				PRODUCT_NAME = "$(TARGET_NAME)";
			};
			name = Release;
		};
		BF8C71771C8D464B00B180EC /* Debug */ = {
			isa = XCBuildConfiguration;
			buildSettings = {
				BUNDLE_LOADER = "$(TEST_HOST)";
				INFOPLIST_FILE = testTests/Info.plist;
				LD_RUNPATH_SEARCH_PATHS = "$(inherited) @executable_path/Frameworks @loader_path/Frameworks";
				PRODUCT_BUNDLE_IDENTIFIER = com.one.testTests;
				PRODUCT_NAME = "$(TARGET_NAME)";
				TEST_HOST = "$(BUILT_PRODUCTS_DIR)/test.app/test";
			};
			name = Debug;
		};
		BF8C71781C8D464B00B180EC /* Release */ = {
			isa = XCBuildConfiguration;
			buildSettings = {
				BUNDLE_LOADER = "$(TEST_HOST)";
				INFOPLIST_FILE = testTests/Info.plist;
				LD_RUNPATH_SEARCH_PATHS = "$(inherited) @executable_path/Frameworks @loader_path/Frameworks";
				PRODUCT_BUNDLE_IDENTIFIER = com.one.testTests;
				PRODUCT_NAME = "$(TARGET_NAME)";
				TEST_HOST = "$(BUILT_PRODUCTS_DIR)/test.app/test";
			};
			name = Release;
		};
		BF8C717A1C8D464B00B180EC /* Debug */ = {
			isa = XCBuildConfiguration;
			buildSettings = {
				INFOPLIST_FILE = testUITests/Info.plist;
				LD_RUNPATH_SEARCH_PATHS = "$(inherited) @executable_path/Frameworks @loader_path/Frameworks";
				PRODUCT_BUNDLE_IDENTIFIER = com.one.testUITests;
				PRODUCT_NAME = "$(TARGET_NAME)";
				TEST_TARGET_NAME = test;
				USES_XCTRUNNER = YES;
			};
			name = Debug;
		};
		BF8C717B1C8D464B00B180EC /* Release */ = {
			isa = XCBuildConfiguration;
			buildSettings = {
				INFOPLIST_FILE = testUITests/Info.plist;
				LD_RUNPATH_SEARCH_PATHS = "$(inherited) @executable_path/Frameworks @loader_path/Frameworks";
				PRODUCT_BUNDLE_IDENTIFIER = com.one.testUITests;
				PRODUCT_NAME = "$(TARGET_NAME)";
				TEST_TARGET_NAME = test;
				USES_XCTRUNNER = YES;
			};
			name = Release;
		};
/* End XCBuildConfiguration section */

/* Begin XCConfigurationList section */
		BF8C71461C8D464A00B180EC /* Build configuration list for PBXProject "test" */ = {
			isa = XCConfigurationList;
			buildConfigurations = (
				BF8C71711C8D464B00B180EC /* Debug */,
				BF8C71721C8D464B00B180EC /* Release */,
			);
			defaultConfigurationIsVisible = 0;
			defaultConfigurationName = Release;
		};
		BF8C71731C8D464B00B180EC /* Build configuration list for PBXNativeTarget "test" */ = {
			isa = XCConfigurationList;
			buildConfigurations = (
				BF8C71741C8D464B00B180EC /* Debug */,
				BF8C71751C8D464B00B180EC /* Release */,
			);
			defaultConfigurationIsVisible = 0;
		};
		BF8C71761C8D464B00B180EC /* Build configuration list for PBXNativeTarget "testTests" */ = {
			isa = XCConfigurationList;
			buildConfigurations = (
				BF8C71771C8D464B00B180EC /* Debug */,
				BF8C71781C8D464B00B180EC /* Release */,
			);
			defaultConfigurationIsVisible = 0;
		};
		BF8C71791C8D464B00B180EC /* Build configuration list for PBXNativeTarget "testUITests" */ = {
			isa = XCConfigurationList;
			buildConfigurations = (
				BF8C717A1C8D464B00B180EC /* Debug */,
				BF8C717B1C8D464B00B180EC /* Release */,
			);
			defaultConfigurationIsVisible = 0;
		};
/* End XCConfigurationList section */
	};
	rootObject = BF8C71431C8D464A00B180EC /* Project object */;
}
